# THIS IS AN AUTOGENERATED FILE. DO NOT EDIT THIS FILE DIRECTLY.
# yarn lockfile v1


bit-twiddle@^1.0.2:
  version "1.0.2"
  resolved "https://registry.yarnpkg.com/bit-twiddle/-/bit-twiddle-1.0.2.tgz#0c6c1fabe2b23d17173d9a61b7b7093eb9e1769e"

earcut@^2.1.4:
  version "2.1.4"
  resolved "https://registry.yarnpkg.com/earcut/-/earcut-2.1.4.tgz#6b161f89bfe4bb08576b9e8af165e1477d6a1c02"

eventemitter3@^2.0.0:
  version "2.0.3"
  resolved "https://registry.yarnpkg.com/eventemitter3/-/eventemitter3-2.0.3.tgz#b5e1079b59fb5e1ba2771c0a993be060a58c99ba"

ismobilejs@^0.5.1:
  version "0.5.1"
  resolved "https://registry.yarnpkg.com/ismobilejs/-/ismobilejs-0.5.1.tgz#0e3f825e29e32f84ad5ddbb60e9e04a894046488"

lodash@^4.17.11:
  version "4.17.11"
  resolved "https://registry.yarnpkg.com/lodash/-/lodash-4.17.11.tgz#b39ea6229ef607ecd89e2c8df12536891cac9b8d"

mini-signals@^1.1.1:
  version "1.2.0"
  resolved "https://registry.yarnpkg.com/mini-signals/-/mini-signals-1.2.0.tgz#45b08013c5fae51a24aa1a935cd317c9ed721d74"

object-assign@^4.0.1:
  version "4.1.1"
  resolved "https://registry.yarnpkg.com/object-assign/-/object-assign-4.1.1.tgz#2109adc7965887cfc05cbbd442cac8bfbb360863"

parse-uri@^1.0.0:
  version "1.0.0"
  resolved "https://registry.yarnpkg.com/parse-uri/-/parse-uri-1.0.0.tgz#2872dcc22f1a797acde1583d8a0ac29552ddac20"

pixi-gl-core@^1.1.4:
  version "1.1.4"
  resolved "https://registry.yarnpkg.com/pixi-gl-core/-/pixi-gl-core-1.1.4.tgz#8b4b5c433b31e419bc379dc565ce1b835a91b372"

pixi.js@^4.8.4:
  version "4.8.4"
  resolved "https://registry.yarnpkg.com/pixi.js/-/pixi.js-4.8.4.tgz#364da0f814a7aea47b1f795a23b3d9ebddef3838"
  dependencies:
    bit-twiddle "^1.0.2"
    earcut "^2.1.4"
    eventemitter3 "^2.0.0"
    ismobilejs "^0.5.1"
    object-assign "^4.0.1"
    pixi-gl-core "^1.1.4"
    remove-array-items "^1.0.0"
    resource-loader "^2.2.3"

remove-array-items@^1.0.0:
  version "1.1.1"
  resolved "https://registry.yarnpkg.com/remove-array-items/-/remove-array-items-1.1.1.tgz#fd745ff73d0822e561ea910bf1b401fc7843e693"

resource-loader@^2.2.3:
  version "2.2.3"
  resolved "https://registry.yarnpkg.com/resource-loader/-/resource-loader-2.2.3.tgz#2c8b075b7b9328a2e72fba6f51b4dff274870000"
  dependencies:
    mini-signals "^1.1.1"
    parse-uri "^1.0.0"
